
Microsoft Visual Studio Solution File, Format Version 10.00
# Visual C# Express 2008
Project("{FAE04EC0-301F-11D3-BF4B-00C04F79EFBC}") = "SqlVarMaxConvert", "SqlVarMaxConvert\SqlVarMaxConvert.csproj", "{0481CF14-7608-44FF-9E98-FCA836314CA2}"
EndProject
Project("{FAE04EC0-301F-11D3-BF4B-00C04F79EFBC}") = "SqlVarMaxScan", "SqlVarMaxScan\SqlVarMaxScan.csproj", "{34454E4E-83F5-4E51-A450-17AF4256C200}"
EndProject
Global
	GlobalSection(SolutionConfigurationPlatforms) = preSolution
		Debug|Any CPU = Debug|Any CPU
		Release|Any CPU = Release|Any CPU
	EndGlobalSection
	GlobalSection(ProjectConfigurationPlatforms) = postSolution
		{0481CF14-7608-44FF-9E98-FCA836314CA2}.Debug|Any CPU.ActiveCfg = Debug|Any CPU
		{0481CF14-7608-44FF-9E98-FCA836314CA2}.Debug|Any CPU.Build.0 = Debug|Any CPU
		{0481CF14-7608-44FF-9E98-FCA836314CA2}.Release|Any CPU.ActiveCfg = Release|Any CPU
		{0481CF14-7608-44FF-9E98-FCA836314CA2}.Release|Any CPU.Build.0 = Release|Any CPU
		{34454E4E-83F5-4E51-A450-17AF4256C200}.Debug|Any CPU.ActiveCfg = Debug|Any CPU
		{34454E4E-83F5-4E51-A450-17AF4256C200}.Debug|Any CPU.Build.0 = Debug|Any CPU
		{34454E4E-83F5-4E51-A450-17AF4256C200}.Release|Any CPU.ActiveCfg = Release|Any CPU
		{34454E4E-83F5-4E51-A450-17AF4256C200}.Release|Any CPU.Build.0 = Release|Any CPU
	EndGlobalSection
	GlobalSection(SolutionProperties) = preSolution
		HideSolutionNode = FALSE
	EndGlobalSection
EndGlobal
